
Microsoft Visual Studio Solution File, Format Version 12.00
# Visual Studio Version 17
VisualStudioVersion = 17.7.34003.232
MinimumVisualStudioVersion = 10.0.40219.1
Project("{FAE04EC0-301F-11D3-BF4B-00C04F79EFBC}") = "UWBLocationMonitor", "UWBLocationMonitor\UWBLocationMonitor.csproj", "{B4C4F475-7CC9-44BA-A59F-A0C8E90ED832}"
EndProject
Global
	GlobalSection(SolutionConfigurationPlatforms) = preSolution
		Debug|Any CPU = Debug|Any CPU
		Release|Any CPU = Release|Any CPU
	EndGlobalSection
	GlobalSection(ProjectConfigurationPlatforms) = postSolution
		{B4C4F475-7CC9-44BA-A59F-A0C8E90ED832}.Debug|Any CPU.ActiveCfg = Debug|Any CPU
		{B4C4F475-7CC9-44BA-A59F-A0C8E90ED832}.Debug|Any CPU.Build.0 = Debug|Any CPU
		{B4C4F475-7CC9-44BA-A59F-A0C8E90ED832}.Release|Any CPU.ActiveCfg = Release|Any CPU
		{B4C4F475-7CC9-44BA-A59F-A0C8E90ED832}.Release|Any CPU.Build.0 = Release|Any CPU
	EndGlobalSection
	GlobalSection(SolutionProperties) = preSolution
		HideSolutionNode = FALSE
	EndGlobalSection
	GlobalSection(ExtensibilityGlobals) = postSolution
		SolutionGuid = {A86E6E24-53F5-4C33-9FC0-C6D226E8E1E3}
	EndGlobalSection
EndGlobal
